{
  "requires": true,
  "lockfileVersion": 1,
  "dependencies": {
    "date-fns": {
      "version": "2.23.0",
      "resolved": "https://registry.npmjs.org/date-fns/-/date-fns-2.23.0.tgz",
      "integrity": "sha512-5ycpauovVyAk0kXNZz6ZoB9AYMZB4DObse7P3BPWmyEjXNORTI8EJ6X0uaSAq4sCHzM1uajzrkr6HnsLQpxGXA=="
    },
    "react-hook-form": {
      "version": "7.11.0",
      "resolved": "https://registry.npmjs.org/react-hook-form/-/react-hook-form-7.11.0.tgz",
      "integrity": "sha512-aJVvL5VV6JqUWvwx9fbrhc6La83aQAfXfqQr+TD/sWy3LPdqYBgBIHBt8WAKWzKRm3g29YV2CLfn4wkhNB9b+g=="
    }
  }
}
